// !$*UTF8*$!
{
	archiveVersion = 1;
	classes = {
	};
	objectVersion = 56;
	objects = {

/* Begin PBXBuildFile section */
		B565C5BE29222E2B00B024FA /* AppDelegate.swift in Sources */ = {isa = PBXBuildFile; fileRef = B565C5BD29222E2B00B024FA /* AppDelegate.swift */; };
		B565C5C029222E2B00B024FA /* SceneDelegate.swift in Sources */ = {isa = PBXBuildFile; fileRef = B565C5BF29222E2B00B024FA /* SceneDelegate.swift */; };
		B565C5C229222E2B00B024FA /* ProfileViewController.swift in Sources */ = {isa = PBXBuildFile; fileRef = B565C5C129222E2B00B024FA /* ProfileViewController.swift */; };
		B565C5C729222E2D00B024FA /* Assets.xcassets in Resources */ = {isa = PBXBuildFile; fileRef = B565C5C629222E2D00B024FA /* Assets.xcassets */; };
		B565C5CA29222E2D00B024FA /* LaunchScreen.storyboard in Resources */ = {isa = PBXBuildFile; fileRef = B565C5C829222E2D00B024FA /* LaunchScreen.storyboard */; };
		B565C5D2292235B200B024FA /* SettingsTableViewCell.swift in Sources */ = {isa = PBXBuildFile; fileRef = B565C5D1292235B200B024FA /* SettingsTableViewCell.swift */; };
		B565C5D829223FA400B024FA /* ProfileView.swift in Sources */ = {isa = PBXBuildFile; fileRef = B565C5D729223FA400B024FA /* ProfileView.swift */; };
		B565C5DA292277A800B024FA /* ProfileViewModel.swift in Sources */ = {isa = PBXBuildFile; fileRef = B565C5D9292277A800B024FA /* ProfileViewModel.swift */; };
		B565C5DD2922810700B024FA /* NotificationViewController.swift in Sources */ = {isa = PBXBuildFile; fileRef = B565C5DC2922810700B024FA /* NotificationViewController.swift */; };
		B565C5E12922822200B024FA /* HistoryViewController.swift in Sources */ = {isa = PBXBuildFile; fileRef = B565C5E02922822200B024FA /* HistoryViewController.swift */; };
		B565C5E32922823400B024FA /* AdressViewController.swift in Sources */ = {isa = PBXBuildFile; fileRef = B565C5E22922823400B024FA /* AdressViewController.swift */; };
		B565C5E52922823E00B024FA /* PaymentViewController.swift in Sources */ = {isa = PBXBuildFile; fileRef = B565C5E42922823E00B024FA /* PaymentViewController.swift */; };
		B565C5E72922824900B024FA /* FavoriteViewController.swift in Sources */ = {isa = PBXBuildFile; fileRef = B565C5E62922824900B024FA /* FavoriteViewController.swift */; };
		B565C5E92922826800B024FA /* AccountSettingsViewController.swift in Sources */ = {isa = PBXBuildFile; fileRef = B565C5E82922826800B024FA /* AccountSettingsViewController.swift */; };
		B5D8599F2935180D00D89DD2 /* NotificationCollectionViewCell.swift in Sources */ = {isa = PBXBuildFile; fileRef = B5D8599E2935180D00D89DD2 /* NotificationCollectionViewCell.swift */; };
		B5D859A2293658B100D89DD2 /* HistoryCollectionViewCell.swift in Sources */ = {isa = PBXBuildFile; fileRef = B5D859A1293658B100D89DD2 /* HistoryCollectionViewCell.swift */; };
/* End PBXBuildFile section */

/* Begin PBXFileReference section */
		B565C5BA29222E2B00B024FA /* ProfilePageCombine.app */ = {isa = PBXFileReference; explicitFileType = wrapper.application; includeInIndex = 0; path = ProfilePageCombine.app; sourceTree = BUILT_PRODUCTS_DIR; };
		B565C5BD29222E2B00B024FA /* AppDelegate.swift */ = {isa = PBXFileReference; lastKnownFileType = sourcecode.swift; path = AppDelegate.swift; sourceTree = "<group>"; };
		B565C5BF29222E2B00B024FA /* SceneDelegate.swift */ = {isa = PBXFileReference; lastKnownFileType = sourcecode.swift; path = SceneDelegate.swift; sourceTree = "<group>"; };
		B565C5C129222E2B00B024FA /* ProfileViewController.swift */ = {isa = PBXFileReference; lastKnownFileType = sourcecode.swift; path = ProfileViewController.swift; sourceTree = "<group>"; };
		B565C5C629222E2D00B024FA /* Assets.xcassets */ = {isa = PBXFileReference; lastKnownFileType = folder.assetcatalog; path = Assets.xcassets; sourceTree = "<group>"; };
		B565C5C929222E2D00B024FA /* Base */ = {isa = PBXFileReference; lastKnownFileType = file.storyboard; name = Base; path = Base.lproj/LaunchScreen.storyboard; sourceTree = "<group>"; };
		B565C5CB29222E2D00B024FA /* Info.plist */ = {isa = PBXFileReference; lastKnownFileType = text.plist.xml; path = Info.plist; sourceTree = "<group>"; };
		B565C5D1292235B200B024FA /* SettingsTableViewCell.swift */ = {isa = PBXFileReference; lastKnownFileType = sourcecode.swift; path = SettingsTableViewCell.swift; sourceTree = "<group>"; };
		B565C5D729223FA400B024FA /* ProfileView.swift */ = {isa = PBXFileReference; lastKnownFileType = sourcecode.swift; path = ProfileView.swift; sourceTree = "<group>"; };
		B565C5D9292277A800B024FA /* ProfileViewModel.swift */ = {isa = PBXFileReference; lastKnownFileType = sourcecode.swift; path = ProfileViewModel.swift; sourceTree = "<group>"; };
		B565C5DC2922810700B024FA /* NotificationViewController.swift */ = {isa = PBXFileReference; lastKnownFileType = sourcecode.swift; path = NotificationViewController.swift; sourceTree = "<group>"; };
		B565C5E02922822200B024FA /* HistoryViewController.swift */ = {isa = PBXFileReference; lastKnownFileType = sourcecode.swift; path = HistoryViewController.swift; sourceTree = "<group>"; };
		B565C5E22922823400B024FA /* AdressViewController.swift */ = {isa = PBXFileReference; lastKnownFileType = sourcecode.swift; path = AdressViewController.swift; sourceTree = "<group>"; };
		B565C5E42922823E00B024FA /* PaymentViewController.swift */ = {isa = PBXFileReference; lastKnownFileType = sourcecode.swift; path = PaymentViewController.swift; sourceTree = "<group>"; };
		B565C5E62922824900B024FA /* FavoriteViewController.swift */ = {isa = PBXFileReference; lastKnownFileType = sourcecode.swift; path = FavoriteViewController.swift; sourceTree = "<group>"; };
		B565C5E82922826800B024FA /* AccountSettingsViewController.swift */ = {isa = PBXFileReference; lastKnownFileType = sourcecode.swift; path = AccountSettingsViewController.swift; sourceTree = "<group>"; };
		B5D8599E2935180D00D89DD2 /* NotificationCollectionViewCell.swift */ = {isa = PBXFileReference; lastKnownFileType = sourcecode.swift; path = NotificationCollectionViewCell.swift; sourceTree = "<group>"; };
		B5D859A1293658B100D89DD2 /* HistoryCollectionViewCell.swift */ = {isa = PBXFileReference; lastKnownFileType = sourcecode.swift; path = HistoryCollectionViewCell.swift; sourceTree = "<group>"; };
/* End PBXFileReference section */

/* Begin PBXFrameworksBuildPhase section */
		B565C5B729222E2B00B024FA /* Frameworks */ = {
			isa = PBXFrameworksBuildPhase;
			buildActionMask = 2147483647;
			files = (
			);
			runOnlyForDeploymentPostprocessing = 0;
		};
/* End PBXFrameworksBuildPhase section */

/* Begin PBXGroup section */
		B565C5B129222E2B00B024FA = {
			isa = PBXGroup;
			children = (
				B565C5BC29222E2B00B024FA /* ProfilePageCombine */,
				B565C5BB29222E2B00B024FA /* Products */,
			);
			sourceTree = "<group>";
		};
		B565C5BB29222E2B00B024FA /* Products */ = {
			isa = PBXGroup;
			children = (
				B565C5BA29222E2B00B024FA /* ProfilePageCombine.app */,
			);
			name = Products;
			sourceTree = "<group>";
		};
		B565C5BC29222E2B00B024FA /* ProfilePageCombine */ = {
			isa = PBXGroup;
			children = (
				B565C5D429223F5700B024FA /* App */,
				B565C5D329223F4900B024FA /* ProfilePage */,
				B565C5D529223F5C00B024FA /* Resourses */,
				B565C5CB29222E2D00B024FA /* Info.plist */,
			);
			path = ProfilePageCombine;
			sourceTree = "<group>";
		};
		B565C5D329223F4900B024FA /* ProfilePage */ = {
			isa = PBXGroup;
			children = (
				B565C5DB292277AE00B024FA /* Cell */,
				B565C5DF2922820800B024FA /* Main */,
				B565C5DE292281F600B024FA /* ProfileSettingsItemView */,
			);
			path = ProfilePage;
			sourceTree = "<group>";
		};
		B565C5D429223F5700B024FA /* App */ = {
			isa = PBXGroup;
			children = (
				B565C5BD29222E2B00B024FA /* AppDelegate.swift */,
				B565C5BF29222E2B00B024FA /* SceneDelegate.swift */,
				B565C5C829222E2D00B024FA /* LaunchScreen.storyboard */,
			);
			path = App;
			sourceTree = "<group>";
		};
		B565C5D529223F5C00B024FA /* Resourses */ = {
			isa = PBXGroup;
			children = (
				B565C5C629222E2D00B024FA /* Assets.xcassets */,
			);
			path = Resourses;
			sourceTree = "<group>";
		};
		B565C5DB292277AE00B024FA /* Cell */ = {
			isa = PBXGroup;
			children = (
				B565C5D1292235B200B024FA /* SettingsTableViewCell.swift */,
			);
			path = Cell;
			sourceTree = "<group>";
		};
		B565C5DE292281F600B024FA /* ProfileSettingsItemView */ = {
			isa = PBXGroup;
			children = (
				B5D859982935170E00D89DD2 /* Notification */,
				B5D859992935171100D89DD2 /* History */,
				B5D8599A2935171400D89DD2 /* Favorite */,
				B5D8599B2935171600D89DD2 /* Payment */,
				B5D8599C2935171800D89DD2 /* AccountSettings */,
				B5D8599D2935171B00D89DD2 /* Adress */,
			);
			path = ProfileSettingsItemView;
			sourceTree = "<group>";
		};
		B565C5DF2922820800B024FA /* Main */ = {
			isa = PBXGroup;
			children = (
				B565C5D729223FA400B024FA /* ProfileView.swift */,
				B565C5C129222E2B00B024FA /* ProfileViewController.swift */,
				B565C5D9292277A800B024FA /* ProfileViewModel.swift */,
			);
			path = Main;
			sourceTree = "<group>";
		};
		B5D859982935170E00D89DD2 /* Notification */ = {
			isa = PBXGroup;
			children = (
				B5D859A429365DE900D89DD2 /* Controller */,
				B5D859A0293518DB00D89DD2 /* Cell */,
			);
			path = Notification;
			sourceTree = "<group>";
		};
		B5D859992935171100D89DD2 /* History */ = {
			isa = PBXGroup;
			children = (
				B5D859A529365DF200D89DD2 /* Controller */,
				B5D859A3293658B400D89DD2 /* Cell */,
			);
			path = History;
			sourceTree = "<group>";
		};
		B5D8599A2935171400D89DD2 /* Favorite */ = {
			isa = PBXGroup;
			children = (
				B565C5E62922824900B024FA /* FavoriteViewController.swift */,
			);
			path = Favorite;
			sourceTree = "<group>";
		};
		B5D8599B2935171600D89DD2 /* Payment */ = {
			isa = PBXGroup;
			children = (
				B565C5E42922823E00B024FA /* PaymentViewController.swift */,
			);
			path = Payment;
			sourceTree = "<group>";
		};
		B5D8599C2935171800D89DD2 /* AccountSettings */ = {
			isa = PBXGroup;
			children = (
				B565C5E82922826800B024FA /* AccountSettingsViewController.swift */,
			);
			path = AccountSettings;
			sourceTree = "<group>";
		};
		B5D8599D2935171B00D89DD2 /* Adress */ = {
			isa = PBXGroup;
			children = (
				B565C5E22922823400B024FA /* AdressViewController.swift */,
			);
			path = Adress;
			sourceTree = "<group>";
		};
		B5D859A0293518DB00D89DD2 /* Cell */ = {
			isa = PBXGroup;
			children = (
				B5D8599E2935180D00D89DD2 /* NotificationCollectionViewCell.swift */,
			);
			path = Cell;
			sourceTree = "<group>";
		};
		B5D859A3293658B400D89DD2 /* Cell */ = {
			isa = PBXGroup;
			children = (
				B5D859A1293658B100D89DD2 /* HistoryCollectionViewCell.swift */,
			);
			path = Cell;
			sourceTree = "<group>";
		};
		B5D859A429365DE900D89DD2 /* Controller */ = {
			isa = PBXGroup;
			children = (
				B565C5DC2922810700B024FA /* NotificationViewController.swift */,
			);
			path = Controller;
			sourceTree = "<group>";
		};
		B5D859A529365DF200D89DD2 /* Controller */ = {
			isa = PBXGroup;
			children = (
				B565C5E02922822200B024FA /* HistoryViewController.swift */,
			);
			path = Controller;
			sourceTree = "<group>";
		};
/* End PBXGroup section */

/* Begin PBXNativeTarget section */
		B565C5B929222E2B00B024FA /* ProfilePageCombine */ = {
			isa = PBXNativeTarget;
			buildConfigurationList = B565C5CE29222E2D00B024FA /* Build configuration list for PBXNativeTarget "ProfilePageCombine" */;
			buildPhases = (
				B565C5B629222E2B00B024FA /* Sources */,
				B565C5B729222E2B00B024FA /* Frameworks */,
				B565C5B829222E2B00B024FA /* Resources */,
			);
			buildRules = (
			);
			dependencies = (
			);
			name = ProfilePageCombine;
			productName = ProfilePageCombine;
			productReference = B565C5BA29222E2B00B024FA /* ProfilePageCombine.app */;
			productType = "com.apple.product-type.application";
		};
/* End PBXNativeTarget section */

/* Begin PBXProject section */
		B565C5B229222E2B00B024FA /* Project object */ = {
			isa = PBXProject;
			attributes = {
				BuildIndependentTargetsInParallel = 1;
				LastSwiftUpdateCheck = 1400;
				LastUpgradeCheck = 1400;
				TargetAttributes = {
					B565C5B929222E2B00B024FA = {
						CreatedOnToolsVersion = 14.0.1;
					};
				};
			};
			buildConfigurationList = B565C5B529222E2B00B024FA /* Build configuration list for PBXProject "ProfilePageCombine" */;
			compatibilityVersion = "Xcode 14.0";
			developmentRegion = en;
			hasScannedForEncodings = 0;
			knownRegions = (
				en,
				Base,
			);
			mainGroup = B565C5B129222E2B00B024FA;
			productRefGroup = B565C5BB29222E2B00B024FA /* Products */;
			projectDirPath = "";
			projectRoot = "";
			targets = (
				B565C5B929222E2B00B024FA /* ProfilePageCombine */,
			);
		};
/* End PBXProject section */

/* Begin PBXResourcesBuildPhase section */
		B565C5B829222E2B00B024FA /* Resources */ = {
			isa = PBXResourcesBuildPhase;
			buildActionMask = 2147483647;
			files = (
				B565C5CA29222E2D00B024FA /* LaunchScreen.storyboard in Resources */,
				B565C5C729222E2D00B024FA /* Assets.xcassets in Resources */,
			);
			runOnlyForDeploymentPostprocessing = 0;
		};
/* End PBXResourcesBuildPhase section */

/* Begin PBXSourcesBuildPhase section */
		B565C5B629222E2B00B024FA /* Sources */ = {
			isa = PBXSourcesBuildPhase;
			buildActionMask = 2147483647;
			files = (
				B565C5E72922824900B024FA /* FavoriteViewController.swift in Sources */,
				B565C5DA292277A800B024FA /* ProfileViewModel.swift in Sources */,
				B565C5C229222E2B00B024FA /* ProfileViewController.swift in Sources */,
				B565C5BE29222E2B00B024FA /* AppDelegate.swift in Sources */,
				B565C5DD2922810700B024FA /* NotificationViewController.swift in Sources */,
				B565C5D829223FA400B024FA /* ProfileView.swift in Sources */,
				B565C5D2292235B200B024FA /* SettingsTableViewCell.swift in Sources */,
				B5D8599F2935180D00D89DD2 /* NotificationCollectionViewCell.swift in Sources */,
				B565C5C029222E2B00B024FA /* SceneDelegate.swift in Sources */,
				B5D859A2293658B100D89DD2 /* HistoryCollectionViewCell.swift in Sources */,
				B565C5E52922823E00B024FA /* PaymentViewController.swift in Sources */,
				B565C5E12922822200B024FA /* HistoryViewController.swift in Sources */,
				B565C5E32922823400B024FA /* AdressViewController.swift in Sources */,
				B565C5E92922826800B024FA /* AccountSettingsViewController.swift in Sources */,
			);
			runOnlyForDeploymentPostprocessing = 0;
		};
/* End PBXSourcesBuildPhase section */

/* Begin PBXVariantGroup section */
		B565C5C829222E2D00B024FA /* LaunchScreen.storyboard */ = {
			isa = PBXVariantGroup;
			children = (
				B565C5C929222E2D00B024FA /* Base */,
			);
			name = LaunchScreen.storyboard;
			sourceTree = "<group>";
		};
/* End PBXVariantGroup section */

/* Begin XCBuildConfiguration section */
		B565C5CC29222E2D00B024FA /* Debug */ = {
			isa = XCBuildConfiguration;
			buildSettings = {
				ALWAYS_SEARCH_USER_PATHS = NO;
				CLANG_ANALYZER_NONNULL = YES;
				CLANG_ANALYZER_NUMBER_OBJECT_CONVERSION = YES_AGGRESSIVE;
				CLANG_CXX_LANGUAGE_STANDARD = "gnu++20";
				CLANG_ENABLE_MODULES = YES;
				CLANG_ENABLE_OBJC_ARC = YES;
				CLANG_ENABLE_OBJC_WEAK = YES;
				CLANG_WARN_BLOCK_CAPTURE_AUTORELEASING = YES;
				CLANG_WARN_BOOL_CONVERSION = YES;
				CLANG_WARN_COMMA = YES;
				CLANG_WARN_CONSTANT_CONVERSION = YES;
				CLANG_WARN_DEPRECATED_OBJC_IMPLEMENTATIONS = YES;
				CLANG_WARN_DIRECT_OBJC_ISA_USAGE = YES_ERROR;
				CLANG_WARN_DOCUMENTATION_COMMENTS = YES;
				CLANG_WARN_EMPTY_BODY = YES;
				CLANG_WARN_ENUM_CONVERSION = YES;
				CLANG_WARN_INFINITE_RECURSION = YES;
				CLANG_WARN_INT_CONVERSION = YES;
				CLANG_WARN_NON_LITERAL_NULL_CONVERSION = YES;
				CLANG_WARN_OBJC_IMPLICIT_RETAIN_SELF = YES;
				CLANG_WARN_OBJC_LITERAL_CONVERSION = YES;
				CLANG_WARN_OBJC_ROOT_CLASS = YES_ERROR;
				CLANG_WARN_QUOTED_INCLUDE_IN_FRAMEWORK_HEADER = YES;
				CLANG_WARN_RANGE_LOOP_ANALYSIS = YES;
				CLANG_WARN_STRICT_PROTOTYPES = YES;
				CLANG_WARN_SUSPICIOUS_MOVE = YES;
				CLANG_WARN_UNGUARDED_AVAILABILITY = YES_AGGRESSIVE;
				CLANG_WARN_UNREACHABLE_CODE = YES;
				CLANG_WARN__DUPLICATE_METHOD_MATCH = YES;
				COPY_PHASE_STRIP = NO;
				DEBUG_INFORMATION_FORMAT = dwarf;
				ENABLE_STRICT_OBJC_MSGSEND = YES;
				ENABLE_TESTABILITY = YES;
				GCC_C_LANGUAGE_STANDARD = gnu11;
				GCC_DYNAMIC_NO_PIC = NO;
				GCC_NO_COMMON_BLOCKS = YES;
				GCC_OPTIMIZATION_LEVEL = 0;
				GCC_PREPROCESSOR_DEFINITIONS = (
					"DEBUG=1",
					"$(inherited)",
				);
				GCC_WARN_64_TO_32_BIT_CONVERSION = YES;
				GCC_WARN_ABOUT_RETURN_TYPE = YES_ERROR;
				GCC_WARN_UNDECLARED_SELECTOR = YES;
				GCC_WARN_UNINITIALIZED_AUTOS = YES_AGGRESSIVE;
				GCC_WARN_UNUSED_FUNCTION = YES;
				GCC_WARN_UNUSED_VARIABLE = YES;
				IPHONEOS_DEPLOYMENT_TARGET = 16.0;
				MTL_ENABLE_DEBUG_INFO = INCLUDE_SOURCE;
				MTL_FAST_MATH = YES;
				ONLY_ACTIVE_ARCH = YES;
				SDKROOT = iphoneos;
				SWIFT_ACTIVE_COMPILATION_CONDITIONS = DEBUG;
				SWIFT_OPTIMIZATION_LEVEL = "-Onone";
			};
			name = Debug;
		};
		B565C5CD29222E2D00B024FA /* Release */ = {
			isa = XCBuildConfiguration;
			buildSettings = {
				ALWAYS_SEARCH_USER_PATHS = NO;
				CLANG_ANALYZER_NONNULL = YES;
				CLANG_ANALYZER_NUMBER_OBJECT_CONVERSION = YES_AGGRESSIVE;
				CLANG_CXX_LANGUAGE_STANDARD = "gnu++20";
				CLANG_ENABLE_MODULES = YES;
				CLANG_ENABLE_OBJC_ARC = YES;
				CLANG_ENABLE_OBJC_WEAK = YES;
				CLANG_WARN_BLOCK_CAPTURE_AUTORELEASING = YES;
				CLANG_WARN_BOOL_CONVERSION = YES;
				CLANG_WARN_COMMA = YES;
				CLANG_WARN_CONSTANT_CONVERSION = YES;
				CLANG_WARN_DEPRECATED_OBJC_IMPLEMENTATIONS = YES;
				CLANG_WARN_DIRECT_OBJC_ISA_USAGE = YES_ERROR;
				CLANG_WARN_DOCUMENTATION_COMMENTS = YES;
				CLANG_WARN_EMPTY_BODY = YES;
				CLANG_WARN_ENUM_CONVERSION = YES;
				CLANG_WARN_INFINITE_RECURSION = YES;
				CLANG_WARN_INT_CONVERSION = YES;
				CLANG_WARN_NON_LITERAL_NULL_CONVERSION = YES;
				CLANG_WARN_OBJC_IMPLICIT_RETAIN_SELF = YES;
				CLANG_WARN_OBJC_LITERAL_CONVERSION = YES;
				CLANG_WARN_OBJC_ROOT_CLASS = YES_ERROR;
				CLANG_WARN_QUOTED_INCLUDE_IN_FRAMEWORK_HEADER = YES;
				CLANG_WARN_RANGE_LOOP_ANALYSIS = YES;
				CLANG_WARN_STRICT_PROTOTYPES = YES;
				CLANG_WARN_SUSPICIOUS_MOVE = YES;
				CLANG_WARN_UNGUARDED_AVAILABILITY = YES_AGGRESSIVE;
				CLANG_WARN_UNREACHABLE_CODE = YES;
				CLANG_WARN__DUPLICATE_METHOD_MATCH = YES;
				COPY_PHASE_STRIP = NO;
				DEBUG_INFORMATION_FORMAT = "dwarf-with-dsym";
				ENABLE_NS_ASSERTIONS = NO;
				ENABLE_STRICT_OBJC_MSGSEND = YES;
				GCC_C_LANGUAGE_STANDARD = gnu11;
				GCC_NO_COMMON_BLOCKS = YES;
				GCC_WARN_64_TO_32_BIT_CONVERSION = YES;
				GCC_WARN_ABOUT_RETURN_TYPE = YES_ERROR;
				GCC_WARN_UNDECLARED_SELECTOR = YES;
				GCC_WARN_UNINITIALIZED_AUTOS = YES_AGGRESSIVE;
				GCC_WARN_UNUSED_FUNCTION = YES;
				GCC_WARN_UNUSED_VARIABLE = YES;
				IPHONEOS_DEPLOYMENT_TARGET = 16.0;
				MTL_ENABLE_DEBUG_INFO = NO;
				MTL_FAST_MATH = YES;
				SDKROOT = iphoneos;
				SWIFT_COMPILATION_MODE = wholemodule;
				SWIFT_OPTIMIZATION_LEVEL = "-O";
				VALIDATE_PRODUCT = YES;
			};
			name = Release;
		};
		B565C5CF29222E2D00B024FA /* Debug */ = {
			isa = XCBuildConfiguration;
			buildSettings = {
				ASSETCATALOG_COMPILER_APPICON_NAME = AppIcon;
				ASSETCATALOG_COMPILER_GLOBAL_ACCENT_COLOR_NAME = AccentColor;
				CODE_SIGN_STYLE = Automatic;
				CURRENT_PROJECT_VERSION = 1;
				DEVELOPMENT_TEAM = V352R4M2J4;
				GENERATE_INFOPLIST_FILE = YES;
				INFOPLIST_FILE = ProfilePageCombine/Info.plist;
				INFOPLIST_KEY_UIApplicationSupportsIndirectInputEvents = YES;
				INFOPLIST_KEY_UILaunchStoryboardName = LaunchScreen;
				INFOPLIST_KEY_UISupportedInterfaceOrientations_iPad = "UIInterfaceOrientationPortrait UIInterfaceOrientationPortraitUpsideDown UIInterfaceOrientationLandscapeLeft UIInterfaceOrientationLandscapeRight";
				INFOPLIST_KEY_UISupportedInterfaceOrientations_iPhone = "UIInterfaceOrientationPortrait UIInterfaceOrientationLandscapeLeft UIInterfaceOrientationLandscapeRight";
				LD_RUNPATH_SEARCH_PATHS = (
					"$(inherited)",
					"@executable_path/Frameworks",
				);
				MARKETING_VERSION = 1.0;
				PRODUCT_BUNDLE_IDENTIFIER = pavel.ProfilePageCombine;
				PRODUCT_NAME = "$(TARGET_NAME)";
				SWIFT_EMIT_LOC_STRINGS = YES;
				SWIFT_VERSION = 5.0;
				TARGETED_DEVICE_FAMILY = "1,2";
			};
			name = Debug;
		};
		B565C5D029222E2D00B024FA /* Release */ = {
			isa = XCBuildConfiguration;
			buildSettings = {
				ASSETCATALOG_COMPILER_APPICON_NAME = AppIcon;
				ASSETCATALOG_COMPILER_GLOBAL_ACCENT_COLOR_NAME = AccentColor;
				CODE_SIGN_STYLE = Automatic;
				CURRENT_PROJECT_VERSION = 1;
				DEVELOPMENT_TEAM = V352R4M2J4;
				GENERATE_INFOPLIST_FILE = YES;
				INFOPLIST_FILE = ProfilePageCombine/Info.plist;
				INFOPLIST_KEY_UIApplicationSupportsIndirectInputEvents = YES;
				INFOPLIST_KEY_UILaunchStoryboardName = LaunchScreen;
				INFOPLIST_KEY_UISupportedInterfaceOrientations_iPad = "UIInterfaceOrientationPortrait UIInterfaceOrientationPortraitUpsideDown UIInterfaceOrientationLandscapeLeft UIInterfaceOrientationLandscapeRight";
				INFOPLIST_KEY_UISupportedInterfaceOrientations_iPhone = "UIInterfaceOrientationPortrait UIInterfaceOrientationLandscapeLeft UIInterfaceOrientationLandscapeRight";
				LD_RUNPATH_SEARCH_PATHS = (
					"$(inherited)",
					"@executable_path/Frameworks",
				);
				MARKETING_VERSION = 1.0;
				PRODUCT_BUNDLE_IDENTIFIER = pavel.ProfilePageCombine;
				PRODUCT_NAME = "$(TARGET_NAME)";
				SWIFT_EMIT_LOC_STRINGS = YES;
				SWIFT_VERSION = 5.0;
				TARGETED_DEVICE_FAMILY = "1,2";
			};
			name = Release;
		};
/* End XCBuildConfiguration section */

/* Begin XCConfigurationList section */
		B565C5B529222E2B00B024FA /* Build configuration list for PBXProject "ProfilePageCombine" */ = {
			isa = XCConfigurationList;
			buildConfigurations = (
				B565C5CC29222E2D00B024FA /* Debug */,
				B565C5CD29222E2D00B024FA /* Release */,
			);
			defaultConfigurationIsVisible = 0;
			defaultConfigurationName = Release;
		};
		B565C5CE29222E2D00B024FA /* Build configuration list for PBXNativeTarget "ProfilePageCombine" */ = {
			isa = XCConfigurationList;
			buildConfigurations = (
				B565C5CF29222E2D00B024FA /* Debug */,
				B565C5D029222E2D00B024FA /* Release */,
			);
			defaultConfigurationIsVisible = 0;
			defaultConfigurationName = Release;
		};
/* End XCConfigurationList section */
	};
	rootObject = B565C5B229222E2B00B024FA /* Project object */;
}
